
Microsoft Visual Studio Solution File, Format Version 12.00
# Visual Studio Version 17
VisualStudioVersion = 17.13.35825.156 d17.13
MinimumVisualStudioVersion = 10.0.40219.1
Project("{FAE04EC0-301F-11D3-BF4B-00C04F79EFBC}") = "Assicment1", "Assicment1\Assicment1.csproj", "{E2F620CB-D3D7-4AA1-B94F-8B2A22F671E2}"
EndProject
Global
	GlobalSection(SolutionConfigurationPlatforms) = preSolution
		Debug|Any CPU = Debug|Any CPU
		Release|Any CPU = Release|Any CPU
	EndGlobalSection
	GlobalSection(ProjectConfigurationPlatforms) = postSolution
		{E2F620CB-D3D7-4AA1-B94F-8B2A22F671E2}.Debug|Any CPU.ActiveCfg = Debug|Any CPU
		{E2F620CB-D3D7-4AA1-B94F-8B2A22F671E2}.Debug|Any CPU.Build.0 = Debug|Any CPU
		{E2F620CB-D3D7-4AA1-B94F-8B2A22F671E2}.Release|Any CPU.ActiveCfg = Release|Any CPU
		{E2F620CB-D3D7-4AA1-B94F-8B2A22F671E2}.Release|Any CPU.Build.0 = Release|Any CPU
	EndGlobalSection
	GlobalSection(SolutionProperties) = preSolution
		HideSolutionNode = FALSE
	EndGlobalSection
	GlobalSection(ExtensibilityGlobals) = postSolution
		SolutionGuid = {1D2E6CD5-C605-42D1-8319-BE1E2F63B126}
	EndGlobalSection
EndGlobal
