
Microsoft Visual Studio Solution File, Format Version 12.00
# Visual Studio Version 17
VisualStudioVersion = 17.13.35825.156 d17.13
MinimumVisualStudioVersion = 10.0.40219.1
Project("{FAE04EC0-301F-11D3-BF4B-00C04F79EFBC}") = "Attack on titan", "Attack on titan\Attack on titan.csproj", "{65E82D6B-F4E9-4742-B345-2BAD0FB57ED4}"
EndProject
Global
	GlobalSection(SolutionConfigurationPlatforms) = preSolution
		Debug|Any CPU = Debug|Any CPU
		Release|Any CPU = Release|Any CPU
	EndGlobalSection
	GlobalSection(ProjectConfigurationPlatforms) = postSolution
		{65E82D6B-F4E9-4742-B345-2BAD0FB57ED4}.Debug|Any CPU.ActiveCfg = Debug|Any CPU
		{65E82D6B-F4E9-4742-B345-2BAD0FB57ED4}.Debug|Any CPU.Build.0 = Debug|Any CPU
		{65E82D6B-F4E9-4742-B345-2BAD0FB57ED4}.Release|Any CPU.ActiveCfg = Release|Any CPU
		{65E82D6B-F4E9-4742-B345-2BAD0FB57ED4}.Release|Any CPU.Build.0 = Release|Any CPU
	EndGlobalSection
	GlobalSection(SolutionProperties) = preSolution
		HideSolutionNode = FALSE
	EndGlobalSection
	GlobalSection(ExtensibilityGlobals) = postSolution
		SolutionGuid = {351C9546-BDF5-4264-BC0B-279C45F5DE95}
	EndGlobalSection
EndGlobal
